{
  "name": "wsnet-client-react",
  "lockfileVersion": 3,
  "requires": true,
  "packages": {
    "": {
      "dependencies": {
        "wsnet-client": "^1.0.5"
      }
    },
    "node_modules/wsnet-client": {
      "version": "1.0.5",
      "resolved": "https://registry.npmjs.org/wsnet-client/-/wsnet-client-1.0.5.tgz",
      "integrity": "sha512-HqNku7KCUl0UAVPDMCKqmaXT1YOxgYjTXHjR4t2ZvWG9LXE2GJ9ijRhG8BNYvupk/fQayFIUU6qaPF6wgIWbsQ=="
    }
  }
}
